
Microsoft Visual Studio Solution File, Format Version 12.00
# Visual Studio 14
VisualStudioVersion = 14.0.25420.1
MinimumVisualStudioVersion = 10.0.40219.1
Project("{FAE04EC0-301F-11D3-BF4B-00C04F79EFBC}") = "MedAgenda.API", "MedAgenda.API\MedAgenda.API.csproj", "{C65CF6A7-4160-4553-B555-2EDCB72E3359}"
EndProject
Project("{FAE04EC0-301F-11D3-BF4B-00C04F79EFBC}") = "MedAgenda.API.Tests", "MedAgenda.API.Tests\MedAgenda.API.Tests.csproj", "{B4E74C77-C3E5-4DC8-B220-320513C553CC}"
EndProject
Global
	GlobalSection(SolutionConfigurationPlatforms) = preSolution
		Debug|Any CPU = Debug|Any CPU
		Release|Any CPU = Release|Any CPU
	EndGlobalSection
	GlobalSection(ProjectConfigurationPlatforms) = postSolution
		{C65CF6A7-4160-4553-B555-2EDCB72E3359}.Debug|Any CPU.ActiveCfg = Debug|Any CPU
		{C65CF6A7-4160-4553-B555-2EDCB72E3359}.Debug|Any CPU.Build.0 = Debug|Any CPU
		{C65CF6A7-4160-4553-B555-2EDCB72E3359}.Release|Any CPU.ActiveCfg = Release|Any CPU
		{C65CF6A7-4160-4553-B555-2EDCB72E3359}.Release|Any CPU.Build.0 = Release|Any CPU
		{B4E74C77-C3E5-4DC8-B220-320513C553CC}.Debug|Any CPU.ActiveCfg = Debug|Any CPU
		{B4E74C77-C3E5-4DC8-B220-320513C553CC}.Debug|Any CPU.Build.0 = Debug|Any CPU
		{B4E74C77-C3E5-4DC8-B220-320513C553CC}.Release|Any CPU.ActiveCfg = Release|Any CPU
		{B4E74C77-C3E5-4DC8-B220-320513C553CC}.Release|Any CPU.Build.0 = Release|Any CPU
	EndGlobalSection
	GlobalSection(SolutionProperties) = preSolution
		HideSolutionNode = FALSE
	EndGlobalSection
EndGlobal
